# THIS IS AN AUTOGENERATED FILE. DO NOT EDIT THIS FILE DIRECTLY.
# yarn lockfile v1


webp-checker@^1.1.0:
  version "1.1.0"
  resolved "https://registry.npmjs.org/webp-checker/-/webp-checker-1.1.0.tgz#93474c59a4cf71aa518dd585ec5b5246f5a40cdf"
  integrity sha512-4rjV0Lj66/Le6ZUBPqJG0ZXraU4p8fHyEgMHlD5Qw4rOe8npGtKGijGPwnjSyUXpA5i0FfDMAwycnoz1L1onDw==
